
Microsoft Visual Studio Solution File, Format Version 12.00
# Visual Studio Version 16
VisualStudioVersion = 16.0.30204.135
MinimumVisualStudioVersion = 10.0.40219.1
Project("{FAE04EC0-301F-11D3-BF4B-00C04F79EFBC}") = "WindowsForms.SP", "WindowsForms.SP\WindowsForms.SP.csproj", "{2B2A7B98-C737-476A-85FF-1CC83785B504}"
EndProject
Project("{FAE04EC0-301F-11D3-BF4B-00C04F79EFBC}") = "Entidades", "Entidades\Entidades.csproj", "{2A5ECC55-5FB3-41E1-B832-D190F31D8504}"
EndProject
Global
	GlobalSection(SolutionConfigurationPlatforms) = preSolution
		Debug|Any CPU = Debug|Any CPU
		Release|Any CPU = Release|Any CPU
	EndGlobalSection
	GlobalSection(ProjectConfigurationPlatforms) = postSolution
		{2B2A7B98-C737-476A-85FF-1CC83785B504}.Debug|Any CPU.ActiveCfg = Debug|Any CPU
		{2B2A7B98-C737-476A-85FF-1CC83785B504}.Debug|Any CPU.Build.0 = Debug|Any CPU
		{2B2A7B98-C737-476A-85FF-1CC83785B504}.Release|Any CPU.ActiveCfg = Release|Any CPU
		{2B2A7B98-C737-476A-85FF-1CC83785B504}.Release|Any CPU.Build.0 = Release|Any CPU
		{2A5ECC55-5FB3-41E1-B832-D190F31D8504}.Debug|Any CPU.ActiveCfg = Debug|Any CPU
		{2A5ECC55-5FB3-41E1-B832-D190F31D8504}.Debug|Any CPU.Build.0 = Debug|Any CPU
		{2A5ECC55-5FB3-41E1-B832-D190F31D8504}.Release|Any CPU.ActiveCfg = Release|Any CPU
		{2A5ECC55-5FB3-41E1-B832-D190F31D8504}.Release|Any CPU.Build.0 = Release|Any CPU
	EndGlobalSection
	GlobalSection(SolutionProperties) = preSolution
		HideSolutionNode = FALSE
	EndGlobalSection
	GlobalSection(ExtensibilityGlobals) = postSolution
		SolutionGuid = {1A2F0A68-4772-49D7-9F7D-AC25F16CDBD1}
	EndGlobalSection
EndGlobal
