
Microsoft Visual Studio Solution File, Format Version 12.00
# Visual Studio 15
VisualStudioVersion = 15.0.28307.779
MinimumVisualStudioVersion = 10.0.40219.1
Project("{FAE04EC0-301F-11D3-BF4B-00C04F79EFBC}") = "Entidades", "Entidades\Entidades.csproj", "{168224B2-FD94-4EE4-ABC0-600D566C8A8A}"
EndProject
Project("{FAE04EC0-301F-11D3-BF4B-00C04F79EFBC}") = "Program", "Program\Program.csproj", "{A7813890-7220-4F61-9F24-919AA2678DB0}"
EndProject
Global
	GlobalSection(SolutionConfigurationPlatforms) = preSolution
		Debug|Any CPU = Debug|Any CPU
		Release|Any CPU = Release|Any CPU
	EndGlobalSection
	GlobalSection(ProjectConfigurationPlatforms) = postSolution
		{168224B2-FD94-4EE4-ABC0-600D566C8A8A}.Debug|Any CPU.ActiveCfg = Debug|Any CPU
		{168224B2-FD94-4EE4-ABC0-600D566C8A8A}.Debug|Any CPU.Build.0 = Debug|Any CPU
		{168224B2-FD94-4EE4-ABC0-600D566C8A8A}.Release|Any CPU.ActiveCfg = Release|Any CPU
		{168224B2-FD94-4EE4-ABC0-600D566C8A8A}.Release|Any CPU.Build.0 = Release|Any CPU
		{A7813890-7220-4F61-9F24-919AA2678DB0}.Debug|Any CPU.ActiveCfg = Debug|Any CPU
		{A7813890-7220-4F61-9F24-919AA2678DB0}.Debug|Any CPU.Build.0 = Debug|Any CPU
		{A7813890-7220-4F61-9F24-919AA2678DB0}.Release|Any CPU.ActiveCfg = Release|Any CPU
		{A7813890-7220-4F61-9F24-919AA2678DB0}.Release|Any CPU.Build.0 = Release|Any CPU
	EndGlobalSection
	GlobalSection(SolutionProperties) = preSolution
		HideSolutionNode = FALSE
	EndGlobalSection
	GlobalSection(ExtensibilityGlobals) = postSolution
		SolutionGuid = {AEA65D5A-486D-46F9-994C-6F201F51A9F0}
	EndGlobalSection
EndGlobal
